
Microsoft Visual Studio Solution File, Format Version 12.00
# Visual Studio Version 16
VisualStudioVersion = 16.0.30907.101
MinimumVisualStudioVersion = 10.0.40219.1
Project("{9A19103F-16F7-4668-BE54-9A1E7A4F7556}") = "WorkOne", "HomeworkMishinN\WorkOne.csproj", "{A2AC1DE0-A0EB-45AA-86EB-94170CAB484F}"
EndProject
Project("{9A19103F-16F7-4668-BE54-9A1E7A4F7556}") = "WorkTwo", "WorkTwo\WorkTwo.csproj", "{EE8D2171-533C-469E-A1DF-E928DE41D262}"
EndProject
Project("{9A19103F-16F7-4668-BE54-9A1E7A4F7556}") = "WorkThree", "WorkThree\WorkThree.csproj", "{2CED1856-E5F6-461B-BA22-1F692D5789DE}"
EndProject
Project("{9A19103F-16F7-4668-BE54-9A1E7A4F7556}") = "WorkFour", "WorkFour\WorkFour.csproj", "{E0E496B0-BEA6-4FF0-926A-0032F09F3018}"
EndProject
Project("{2150E333-8FDC-42A3-9474-1A3956D46DE8}") = "LessonOne", "LessonOne", "{354DF946-6E7C-4C3E-BD1A-25CED198D328}"
EndProject
Project("{2150E333-8FDC-42A3-9474-1A3956D46DE8}") = "LessonTwo", "LessonTwo", "{118CCADD-F7FC-4DB6-B489-BE309C051A20}"
EndProject
Project("{9A19103F-16F7-4668-BE54-9A1E7A4F7556}") = "WorkOneL2", "WorkOneL2\WorkOneL2.csproj", "{D4CC190D-FDDE-4D0B-BEB1-83F4DA96A5B7}"
EndProject
Project("{9A19103F-16F7-4668-BE54-9A1E7A4F7556}") = "WorkThreeL2", "WorkThreeL2\WorkThreeL2.csproj", "{C7CA2CAB-DA3D-4AD6-86FD-0596D001F715}"
EndProject
Project("{9A19103F-16F7-4668-BE54-9A1E7A4F7556}") = "WorkFiveL2", "WorkFiveL2\WorkFiveL2.csproj", "{06A4571D-F542-4AD4-8D78-B5C7A222913D}"
EndProject
Project("{9A19103F-16F7-4668-BE54-9A1E7A4F7556}") = "WorkFourL2", "WorkFourL2\WorkFourL2.csproj", "{8623B3BB-E7C9-46C3-BC24-40528263DADB}"
EndProject
Project("{9A19103F-16F7-4668-BE54-9A1E7A4F7556}") = "WorkSevenL2", "WorkSevenL2\WorkSevenL2.csproj", "{272DA506-6AA3-4261-8669-3D79A661B8F8}"
EndProject
Project("{2150E333-8FDC-42A3-9474-1A3956D46DE8}") = "LessonThree", "LessonThree", "{08FAD7F8-084B-46B1-804E-26167ACBFEA1}"
EndProject
Project("{9A19103F-16F7-4668-BE54-9A1E7A4F7556}") = "WorkOneL3", "WorkOneL3\WorkOneL3.csproj", "{6DBDFC54-8F0E-4483-A3FF-D38E6D4A9C01}"
EndProject
Project("{9A19103F-16F7-4668-BE54-9A1E7A4F7556}") = "WorkTwoL3", "WorkTwoL3\WorkTwoL3.csproj", "{DC5AF434-8CA4-406C-9360-CCE4B54CEC95}"
EndProject
Project("{9A19103F-16F7-4668-BE54-9A1E7A4F7556}") = "WorkThreeL3", "WorkThreeL3\WorkThreeL3.csproj", "{3D6B8DE8-56F7-4158-8090-470854952A48}"
EndProject
Project("{2150E333-8FDC-42A3-9474-1A3956D46DE8}") = "LessonFour", "LessonFour", "{7B897B10-DD9A-487E-B4A4-89F4C89FDDD0}"
EndProject
Project("{9A19103F-16F7-4668-BE54-9A1E7A4F7556}") = "WorkOneL4", "WorkOneL4\WorkOneL4.csproj", "{BB97E3E8-6CD4-4FDE-A670-8C9ECA620FED}"
EndProject
Project("{9A19103F-16F7-4668-BE54-9A1E7A4F7556}") = "WorkTwoL4", "WorkTwoL4\WorkTwoL4.csproj", "{8241AABD-C74C-47E9-8631-14D1D2897C10}"
EndProject
Project("{2150E333-8FDC-42A3-9474-1A3956D46DE8}") = "LessonFive", "LessonFive", "{9D519EEE-DD87-4E7A-8F1E-637F2427A8B8}"
EndProject
Project("{FAE04EC0-301F-11D3-BF4B-00C04F79EFBC}") = "WorkOneL5", "WorkOneL5\WorkOneL5.csproj", "{1CD36E52-ACD9-48C1-AEC8-449357BD35FC}"
EndProject
Project("{FAE04EC0-301F-11D3-BF4B-00C04F79EFBC}") = "WorkTwoL5", "WorkTwoL5\WorkTwoL5.csproj", "{C201FF55-D6EB-46EC-A40B-23377B2B3DD5}"
EndProject
Global
	GlobalSection(SolutionConfigurationPlatforms) = preSolution
		Debug|Any CPU = Debug|Any CPU
		Release|Any CPU = Release|Any CPU
	EndGlobalSection
	GlobalSection(ProjectConfigurationPlatforms) = postSolution
		{A2AC1DE0-A0EB-45AA-86EB-94170CAB484F}.Debug|Any CPU.ActiveCfg = Debug|Any CPU
		{A2AC1DE0-A0EB-45AA-86EB-94170CAB484F}.Debug|Any CPU.Build.0 = Debug|Any CPU
		{A2AC1DE0-A0EB-45AA-86EB-94170CAB484F}.Release|Any CPU.ActiveCfg = Release|Any CPU
		{A2AC1DE0-A0EB-45AA-86EB-94170CAB484F}.Release|Any CPU.Build.0 = Release|Any CPU
		{EE8D2171-533C-469E-A1DF-E928DE41D262}.Debug|Any CPU.ActiveCfg = Debug|Any CPU
		{EE8D2171-533C-469E-A1DF-E928DE41D262}.Debug|Any CPU.Build.0 = Debug|Any CPU
		{EE8D2171-533C-469E-A1DF-E928DE41D262}.Release|Any CPU.ActiveCfg = Release|Any CPU
		{EE8D2171-533C-469E-A1DF-E928DE41D262}.Release|Any CPU.Build.0 = Release|Any CPU
		{2CED1856-E5F6-461B-BA22-1F692D5789DE}.Debug|Any CPU.ActiveCfg = Debug|Any CPU
		{2CED1856-E5F6-461B-BA22-1F692D5789DE}.Debug|Any CPU.Build.0 = Debug|Any CPU
		{2CED1856-E5F6-461B-BA22-1F692D5789DE}.Release|Any CPU.ActiveCfg = Release|Any CPU
		{2CED1856-E5F6-461B-BA22-1F692D5789DE}.Release|Any CPU.Build.0 = Release|Any CPU
		{E0E496B0-BEA6-4FF0-926A-0032F09F3018}.Debug|Any CPU.ActiveCfg = Debug|Any CPU
		{E0E496B0-BEA6-4FF0-926A-0032F09F3018}.Debug|Any CPU.Build.0 = Debug|Any CPU
		{E0E496B0-BEA6-4FF0-926A-0032F09F3018}.Release|Any CPU.ActiveCfg = Release|Any CPU
		{E0E496B0-BEA6-4FF0-926A-0032F09F3018}.Release|Any CPU.Build.0 = Release|Any CPU
		{D4CC190D-FDDE-4D0B-BEB1-83F4DA96A5B7}.Debug|Any CPU.ActiveCfg = Debug|Any CPU
		{D4CC190D-FDDE-4D0B-BEB1-83F4DA96A5B7}.Debug|Any CPU.Build.0 = Debug|Any CPU
		{D4CC190D-FDDE-4D0B-BEB1-83F4DA96A5B7}.Release|Any CPU.ActiveCfg = Release|Any CPU
		{D4CC190D-FDDE-4D0B-BEB1-83F4DA96A5B7}.Release|Any CPU.Build.0 = Release|Any CPU
		{C7CA2CAB-DA3D-4AD6-86FD-0596D001F715}.Debug|Any CPU.ActiveCfg = Debug|Any CPU
		{C7CA2CAB-DA3D-4AD6-86FD-0596D001F715}.Debug|Any CPU.Build.0 = Debug|Any CPU
		{C7CA2CAB-DA3D-4AD6-86FD-0596D001F715}.Release|Any CPU.ActiveCfg = Release|Any CPU
		{C7CA2CAB-DA3D-4AD6-86FD-0596D001F715}.Release|Any CPU.Build.0 = Release|Any CPU
		{06A4571D-F542-4AD4-8D78-B5C7A222913D}.Debug|Any CPU.ActiveCfg = Debug|Any CPU
		{06A4571D-F542-4AD4-8D78-B5C7A222913D}.Debug|Any CPU.Build.0 = Debug|Any CPU
		{06A4571D-F542-4AD4-8D78-B5C7A222913D}.Release|Any CPU.ActiveCfg = Release|Any CPU
		{06A4571D-F542-4AD4-8D78-B5C7A222913D}.Release|Any CPU.Build.0 = Release|Any CPU
		{8623B3BB-E7C9-46C3-BC24-40528263DADB}.Debug|Any CPU.ActiveCfg = Debug|Any CPU
		{8623B3BB-E7C9-46C3-BC24-40528263DADB}.Debug|Any CPU.Build.0 = Debug|Any CPU
		{8623B3BB-E7C9-46C3-BC24-40528263DADB}.Release|Any CPU.ActiveCfg = Release|Any CPU
		{8623B3BB-E7C9-46C3-BC24-40528263DADB}.Release|Any CPU.Build.0 = Release|Any CPU
		{272DA506-6AA3-4261-8669-3D79A661B8F8}.Debug|Any CPU.ActiveCfg = Debug|Any CPU
		{272DA506-6AA3-4261-8669-3D79A661B8F8}.Debug|Any CPU.Build.0 = Debug|Any CPU
		{272DA506-6AA3-4261-8669-3D79A661B8F8}.Release|Any CPU.ActiveCfg = Release|Any CPU
		{272DA506-6AA3-4261-8669-3D79A661B8F8}.Release|Any CPU.Build.0 = Release|Any CPU
		{6DBDFC54-8F0E-4483-A3FF-D38E6D4A9C01}.Debug|Any CPU.ActiveCfg = Debug|Any CPU
		{6DBDFC54-8F0E-4483-A3FF-D38E6D4A9C01}.Debug|Any CPU.Build.0 = Debug|Any CPU
		{6DBDFC54-8F0E-4483-A3FF-D38E6D4A9C01}.Release|Any CPU.ActiveCfg = Release|Any CPU
		{6DBDFC54-8F0E-4483-A3FF-D38E6D4A9C01}.Release|Any CPU.Build.0 = Release|Any CPU
		{DC5AF434-8CA4-406C-9360-CCE4B54CEC95}.Debug|Any CPU.ActiveCfg = Debug|Any CPU
		{DC5AF434-8CA4-406C-9360-CCE4B54CEC95}.Debug|Any CPU.Build.0 = Debug|Any CPU
		{DC5AF434-8CA4-406C-9360-CCE4B54CEC95}.Release|Any CPU.ActiveCfg = Release|Any CPU
		{DC5AF434-8CA4-406C-9360-CCE4B54CEC95}.Release|Any CPU.Build.0 = Release|Any CPU
		{3D6B8DE8-56F7-4158-8090-470854952A48}.Debug|Any CPU.ActiveCfg = Debug|Any CPU
		{3D6B8DE8-56F7-4158-8090-470854952A48}.Debug|Any CPU.Build.0 = Debug|Any CPU
		{3D6B8DE8-56F7-4158-8090-470854952A48}.Release|Any CPU.ActiveCfg = Release|Any CPU
		{3D6B8DE8-56F7-4158-8090-470854952A48}.Release|Any CPU.Build.0 = Release|Any CPU
		{BB97E3E8-6CD4-4FDE-A670-8C9ECA620FED}.Debug|Any CPU.ActiveCfg = Debug|Any CPU
		{BB97E3E8-6CD4-4FDE-A670-8C9ECA620FED}.Debug|Any CPU.Build.0 = Debug|Any CPU
		{BB97E3E8-6CD4-4FDE-A670-8C9ECA620FED}.Release|Any CPU.ActiveCfg = Release|Any CPU
		{BB97E3E8-6CD4-4FDE-A670-8C9ECA620FED}.Release|Any CPU.Build.0 = Release|Any CPU
		{8241AABD-C74C-47E9-8631-14D1D2897C10}.Debug|Any CPU.ActiveCfg = Debug|Any CPU
		{8241AABD-C74C-47E9-8631-14D1D2897C10}.Debug|Any CPU.Build.0 = Debug|Any CPU
		{8241AABD-C74C-47E9-8631-14D1D2897C10}.Release|Any CPU.ActiveCfg = Release|Any CPU
		{8241AABD-C74C-47E9-8631-14D1D2897C10}.Release|Any CPU.Build.0 = Release|Any CPU
		{1CD36E52-ACD9-48C1-AEC8-449357BD35FC}.Debug|Any CPU.ActiveCfg = Debug|Any CPU
		{1CD36E52-ACD9-48C1-AEC8-449357BD35FC}.Debug|Any CPU.Build.0 = Debug|Any CPU
		{1CD36E52-ACD9-48C1-AEC8-449357BD35FC}.Release|Any CPU.ActiveCfg = Release|Any CPU
		{1CD36E52-ACD9-48C1-AEC8-449357BD35FC}.Release|Any CPU.Build.0 = Release|Any CPU
		{C201FF55-D6EB-46EC-A40B-23377B2B3DD5}.Debug|Any CPU.ActiveCfg = Debug|Any CPU
		{C201FF55-D6EB-46EC-A40B-23377B2B3DD5}.Debug|Any CPU.Build.0 = Debug|Any CPU
		{C201FF55-D6EB-46EC-A40B-23377B2B3DD5}.Release|Any CPU.ActiveCfg = Release|Any CPU
		{C201FF55-D6EB-46EC-A40B-23377B2B3DD5}.Release|Any CPU.Build.0 = Release|Any CPU
	EndGlobalSection
	GlobalSection(SolutionProperties) = preSolution
		HideSolutionNode = FALSE
	EndGlobalSection
	GlobalSection(NestedProjects) = preSolution
		{A2AC1DE0-A0EB-45AA-86EB-94170CAB484F} = {354DF946-6E7C-4C3E-BD1A-25CED198D328}
		{EE8D2171-533C-469E-A1DF-E928DE41D262} = {354DF946-6E7C-4C3E-BD1A-25CED198D328}
		{2CED1856-E5F6-461B-BA22-1F692D5789DE} = {354DF946-6E7C-4C3E-BD1A-25CED198D328}
		{E0E496B0-BEA6-4FF0-926A-0032F09F3018} = {354DF946-6E7C-4C3E-BD1A-25CED198D328}
		{D4CC190D-FDDE-4D0B-BEB1-83F4DA96A5B7} = {118CCADD-F7FC-4DB6-B489-BE309C051A20}
		{C7CA2CAB-DA3D-4AD6-86FD-0596D001F715} = {118CCADD-F7FC-4DB6-B489-BE309C051A20}
		{06A4571D-F542-4AD4-8D78-B5C7A222913D} = {118CCADD-F7FC-4DB6-B489-BE309C051A20}
		{8623B3BB-E7C9-46C3-BC24-40528263DADB} = {118CCADD-F7FC-4DB6-B489-BE309C051A20}
		{272DA506-6AA3-4261-8669-3D79A661B8F8} = {118CCADD-F7FC-4DB6-B489-BE309C051A20}
		{6DBDFC54-8F0E-4483-A3FF-D38E6D4A9C01} = {08FAD7F8-084B-46B1-804E-26167ACBFEA1}
		{DC5AF434-8CA4-406C-9360-CCE4B54CEC95} = {08FAD7F8-084B-46B1-804E-26167ACBFEA1}
		{3D6B8DE8-56F7-4158-8090-470854952A48} = {08FAD7F8-084B-46B1-804E-26167ACBFEA1}
		{BB97E3E8-6CD4-4FDE-A670-8C9ECA620FED} = {7B897B10-DD9A-487E-B4A4-89F4C89FDDD0}
		{8241AABD-C74C-47E9-8631-14D1D2897C10} = {7B897B10-DD9A-487E-B4A4-89F4C89FDDD0}
		{1CD36E52-ACD9-48C1-AEC8-449357BD35FC} = {9D519EEE-DD87-4E7A-8F1E-637F2427A8B8}
	EndGlobalSection
	GlobalSection(ExtensibilityGlobals) = postSolution
		SolutionGuid = {3A54409A-4BEC-4096-A4D1-448EF4D7DEF0}
	EndGlobalSection
EndGlobal
