
Microsoft Visual Studio Solution File, Format Version 12.00
# Visual Studio Version 16
VisualStudioVersion = 16.0.30907.101
MinimumVisualStudioVersion = 10.0.40219.1
Project("{9A19103F-16F7-4668-BE54-9A1E7A4F7556}") = "WorkOne", "HomeworkMishinN\WorkOne.csproj", "{A2AC1DE0-A0EB-45AA-86EB-94170CAB484F}"
EndProject
Project("{9A19103F-16F7-4668-BE54-9A1E7A4F7556}") = "WorkTwo", "WorkTwo\WorkTwo.csproj", "{EE8D2171-533C-469E-A1DF-E928DE41D262}"
EndProject
Project("{9A19103F-16F7-4668-BE54-9A1E7A4F7556}") = "WorkThree", "WorkThree\WorkThree.csproj", "{2CED1856-E5F6-461B-BA22-1F692D5789DE}"
EndProject
Project("{9A19103F-16F7-4668-BE54-9A1E7A4F7556}") = "WorkFour", "WorkFour\WorkFour.csproj", "{E0E496B0-BEA6-4FF0-926A-0032F09F3018}"
EndProject
Project("{2150E333-8FDC-42A3-9474-1A3956D46DE8}") = "LessonOne", "LessonOne", "{354DF946-6E7C-4C3E-BD1A-25CED198D328}"
EndProject
Project("{9A19103F-16F7-4668-BE54-9A1E7A4F7556}") = "WorkFourL2", "..\..\DZ1\WorkFourL2.csproj", "{17A23B5A-8F40-4915-8D22-59F750EDAB6A}"
EndProject
Project("{2150E333-8FDC-42A3-9474-1A3956D46DE8}") = "LessonTwo", "LessonTwo", "{118CCADD-F7FC-4DB6-B489-BE309C051A20}"
EndProject
Project("{9A19103F-16F7-4668-BE54-9A1E7A4F7556}") = "WorkFiveL2", "..\..\DZ2\WorkFiveL2.csproj", "{7A02D3B0-E126-4A75-B3AB-3AD84DE95854}"
EndProject
Project("{9A19103F-16F7-4668-BE54-9A1E7A4F7556}") = "WorkThreeL2", "..\..\DZ\WorkThreeL2.csproj", "{85F00955-844E-42A1-9FFA-182A7C0B3BB9}"
EndProject
Project("{9A19103F-16F7-4668-BE54-9A1E7A4F7556}") = "WorkSevenL2", "..\..\DZ4\WorkSevenL2.csproj", "{3A51A515-B571-4D4B-AE72-233484FE0DA7}"
EndProject
Global
	GlobalSection(SolutionConfigurationPlatforms) = preSolution
		Debug|Any CPU = Debug|Any CPU
		Release|Any CPU = Release|Any CPU
	EndGlobalSection
	GlobalSection(ProjectConfigurationPlatforms) = postSolution
		{A2AC1DE0-A0EB-45AA-86EB-94170CAB484F}.Debug|Any CPU.ActiveCfg = Debug|Any CPU
		{A2AC1DE0-A0EB-45AA-86EB-94170CAB484F}.Debug|Any CPU.Build.0 = Debug|Any CPU
		{A2AC1DE0-A0EB-45AA-86EB-94170CAB484F}.Release|Any CPU.ActiveCfg = Release|Any CPU
		{A2AC1DE0-A0EB-45AA-86EB-94170CAB484F}.Release|Any CPU.Build.0 = Release|Any CPU
		{EE8D2171-533C-469E-A1DF-E928DE41D262}.Debug|Any CPU.ActiveCfg = Debug|Any CPU
		{EE8D2171-533C-469E-A1DF-E928DE41D262}.Debug|Any CPU.Build.0 = Debug|Any CPU
		{EE8D2171-533C-469E-A1DF-E928DE41D262}.Release|Any CPU.ActiveCfg = Release|Any CPU
		{EE8D2171-533C-469E-A1DF-E928DE41D262}.Release|Any CPU.Build.0 = Release|Any CPU
		{2CED1856-E5F6-461B-BA22-1F692D5789DE}.Debug|Any CPU.ActiveCfg = Debug|Any CPU
		{2CED1856-E5F6-461B-BA22-1F692D5789DE}.Debug|Any CPU.Build.0 = Debug|Any CPU
		{2CED1856-E5F6-461B-BA22-1F692D5789DE}.Release|Any CPU.ActiveCfg = Release|Any CPU
		{2CED1856-E5F6-461B-BA22-1F692D5789DE}.Release|Any CPU.Build.0 = Release|Any CPU
		{E0E496B0-BEA6-4FF0-926A-0032F09F3018}.Debug|Any CPU.ActiveCfg = Debug|Any CPU
		{E0E496B0-BEA6-4FF0-926A-0032F09F3018}.Debug|Any CPU.Build.0 = Debug|Any CPU
		{E0E496B0-BEA6-4FF0-926A-0032F09F3018}.Release|Any CPU.ActiveCfg = Release|Any CPU
		{E0E496B0-BEA6-4FF0-926A-0032F09F3018}.Release|Any CPU.Build.0 = Release|Any CPU
		{17A23B5A-8F40-4915-8D22-59F750EDAB6A}.Debug|Any CPU.ActiveCfg = Debug|Any CPU
		{17A23B5A-8F40-4915-8D22-59F750EDAB6A}.Debug|Any CPU.Build.0 = Debug|Any CPU
		{17A23B5A-8F40-4915-8D22-59F750EDAB6A}.Release|Any CPU.ActiveCfg = Release|Any CPU
		{17A23B5A-8F40-4915-8D22-59F750EDAB6A}.Release|Any CPU.Build.0 = Release|Any CPU
		{7A02D3B0-E126-4A75-B3AB-3AD84DE95854}.Debug|Any CPU.ActiveCfg = Debug|Any CPU
		{7A02D3B0-E126-4A75-B3AB-3AD84DE95854}.Debug|Any CPU.Build.0 = Debug|Any CPU
		{7A02D3B0-E126-4A75-B3AB-3AD84DE95854}.Release|Any CPU.ActiveCfg = Release|Any CPU
		{7A02D3B0-E126-4A75-B3AB-3AD84DE95854}.Release|Any CPU.Build.0 = Release|Any CPU
		{85F00955-844E-42A1-9FFA-182A7C0B3BB9}.Debug|Any CPU.ActiveCfg = Debug|Any CPU
		{85F00955-844E-42A1-9FFA-182A7C0B3BB9}.Debug|Any CPU.Build.0 = Debug|Any CPU
		{85F00955-844E-42A1-9FFA-182A7C0B3BB9}.Release|Any CPU.ActiveCfg = Release|Any CPU
		{85F00955-844E-42A1-9FFA-182A7C0B3BB9}.Release|Any CPU.Build.0 = Release|Any CPU
		{3A51A515-B571-4D4B-AE72-233484FE0DA7}.Debug|Any CPU.ActiveCfg = Debug|Any CPU
		{3A51A515-B571-4D4B-AE72-233484FE0DA7}.Debug|Any CPU.Build.0 = Debug|Any CPU
		{3A51A515-B571-4D4B-AE72-233484FE0DA7}.Release|Any CPU.ActiveCfg = Release|Any CPU
		{3A51A515-B571-4D4B-AE72-233484FE0DA7}.Release|Any CPU.Build.0 = Release|Any CPU
	EndGlobalSection
	GlobalSection(SolutionProperties) = preSolution
		HideSolutionNode = FALSE
	EndGlobalSection
	GlobalSection(NestedProjects) = preSolution
		{A2AC1DE0-A0EB-45AA-86EB-94170CAB484F} = {354DF946-6E7C-4C3E-BD1A-25CED198D328}
		{EE8D2171-533C-469E-A1DF-E928DE41D262} = {354DF946-6E7C-4C3E-BD1A-25CED198D328}
		{2CED1856-E5F6-461B-BA22-1F692D5789DE} = {354DF946-6E7C-4C3E-BD1A-25CED198D328}
		{E0E496B0-BEA6-4FF0-926A-0032F09F3018} = {354DF946-6E7C-4C3E-BD1A-25CED198D328}
		{17A23B5A-8F40-4915-8D22-59F750EDAB6A} = {118CCADD-F7FC-4DB6-B489-BE309C051A20}
		{7A02D3B0-E126-4A75-B3AB-3AD84DE95854} = {118CCADD-F7FC-4DB6-B489-BE309C051A20}
		{85F00955-844E-42A1-9FFA-182A7C0B3BB9} = {118CCADD-F7FC-4DB6-B489-BE309C051A20}
		{3A51A515-B571-4D4B-AE72-233484FE0DA7} = {118CCADD-F7FC-4DB6-B489-BE309C051A20}
	EndGlobalSection
	GlobalSection(ExtensibilityGlobals) = postSolution
		SolutionGuid = {3A54409A-4BEC-4096-A4D1-448EF4D7DEF0}
	EndGlobalSection
EndGlobal
